
Microsoft Visual Studio Solution File, Format Version 12.00
# Visual Studio Version 17
VisualStudioVersion = 17.8.34525.116
MinimumVisualStudioVersion = 10.0.40219.1
Project("{FAE04EC0-301F-11D3-BF4B-00C04F79EFBC}") = "K9U2_Kontofuehrung_Nick", "K9U2_Kontofuehrung_Nick\K9U2_Kontofuehrung_Nick.csproj", "{A04204D4-D658-404B-A445-1A5873367ECA}"
EndProject
Global
	GlobalSection(SolutionConfigurationPlatforms) = preSolution
		Debug|Any CPU = Debug|Any CPU
		Release|Any CPU = Release|Any CPU
	EndGlobalSection
	GlobalSection(ProjectConfigurationPlatforms) = postSolution
		{A04204D4-D658-404B-A445-1A5873367ECA}.Debug|Any CPU.ActiveCfg = Debug|Any CPU
		{A04204D4-D658-404B-A445-1A5873367ECA}.Debug|Any CPU.Build.0 = Debug|Any CPU
		{A04204D4-D658-404B-A445-1A5873367ECA}.Release|Any CPU.ActiveCfg = Release|Any CPU
		{A04204D4-D658-404B-A445-1A5873367ECA}.Release|Any CPU.Build.0 = Release|Any CPU
	EndGlobalSection
	GlobalSection(SolutionProperties) = preSolution
		HideSolutionNode = FALSE
	EndGlobalSection
	GlobalSection(ExtensibilityGlobals) = postSolution
		SolutionGuid = {22F636B5-C5DC-49F0-8E2F-20037E1C0FEB}
	EndGlobalSection
EndGlobal
